// !$*UTF8*$!
{
	archiveVersion = 1;
	classes = {
	};
	objectVersion = 77;
	objects = {

/* Begin PBXBuildFile section */
		0D7D56D52D92C93800DAA188 /* Starscream in Frameworks */ = {isa = PBXBuildFile; productRef = 0D7D56D42D92C93800DAA188 /* Starscream */; };
		0DFEFB7F2D952D9400F8CF76 /* FirebaseAnalytics in Frameworks */ = {isa = PBXBuildFile; productRef = 0DFEFB7E2D952D9400F8CF76 /* FirebaseAnalytics */; };
		0DFEFB812D952D9400F8CF76 /* FirebaseAnalyticsOnDeviceConversion in Frameworks */ = {isa = PBXBuildFile; productRef = 0DFEFB802D952D9400F8CF76 /* FirebaseAnalyticsOnDeviceConversion */; };
		0DFEFB832D952D9400F8CF76 /* FirebaseAnalyticsWithoutAdIdSupport in Frameworks */ = {isa = PBXBuildFile; productRef = 0DFEFB822D952D9400F8CF76 /* FirebaseAnalyticsWithoutAdIdSupport */; };
		0DFEFB852D952D9400F8CF76 /* FirebaseAppCheck in Frameworks */ = {isa = PBXBuildFile; productRef = 0DFEFB842D952D9400F8CF76 /* FirebaseAppCheck */; };
		0DFEFB872D952D9400F8CF76 /* FirebaseAppDistribution-Beta in Frameworks */ = {isa = PBXBuildFile; productRef = 0DFEFB862D952D9400F8CF76 /* FirebaseAppDistribution-Beta */; };
		0DFEFB892D952D9400F8CF76 /* FirebaseAuth in Frameworks */ = {isa = PBXBuildFile; productRef = 0DFEFB882D952D9400F8CF76 /* FirebaseAuth */; };
		0DFEFB8B2D952D9400F8CF76 /* FirebaseAuthCombine-Community in Frameworks */ = {isa = PBXBuildFile; productRef = 0DFEFB8A2D952D9400F8CF76 /* FirebaseAuthCombine-Community */; };
		0DFEFB8D2D952D9400F8CF76 /* FirebaseCore in Frameworks */ = {isa = PBXBuildFile; productRef = 0DFEFB8C2D952D9400F8CF76 /* FirebaseCore */; };
		0DFEFB8F2D952D9400F8CF76 /* FirebaseCrashlytics in Frameworks */ = {isa = PBXBuildFile; productRef = 0DFEFB8E2D952D9400F8CF76 /* FirebaseCrashlytics */; };
		0DFEFB912D952D9400F8CF76 /* FirebaseDatabase in Frameworks */ = {isa = PBXBuildFile; productRef = 0DFEFB902D952D9400F8CF76 /* FirebaseDatabase */; };
		0DFEFB932D952D9400F8CF76 /* FirebaseDynamicLinks in Frameworks */ = {isa = PBXBuildFile; productRef = 0DFEFB922D952D9400F8CF76 /* FirebaseDynamicLinks */; };
		0DFEFB952D952D9400F8CF76 /* FirebaseFirestore in Frameworks */ = {isa = PBXBuildFile; productRef = 0DFEFB942D952D9400F8CF76 /* FirebaseFirestore */; };
		0DFEFB972D952D9400F8CF76 /* FirebaseFirestoreCombine-Community in Frameworks */ = {isa = PBXBuildFile; productRef = 0DFEFB962D952D9400F8CF76 /* FirebaseFirestoreCombine-Community */; };
		0DFEFB992D952D9400F8CF76 /* FirebaseFunctions in Frameworks */ = {isa = PBXBuildFile; productRef = 0DFEFB982D952D9400F8CF76 /* FirebaseFunctions */; };
		0DFEFB9B2D952D9400F8CF76 /* FirebaseFunctionsCombine-Community in Frameworks */ = {isa = PBXBuildFile; productRef = 0DFEFB9A2D952D9400F8CF76 /* FirebaseFunctionsCombine-Community */; };
		0DFEFB9D2D952D9400F8CF76 /* FirebaseInAppMessaging-Beta in Frameworks */ = {isa = PBXBuildFile; productRef = 0DFEFB9C2D952D9400F8CF76 /* FirebaseInAppMessaging-Beta */; };
		0DFEFB9F2D952D9400F8CF76 /* FirebaseInstallations in Frameworks */ = {isa = PBXBuildFile; productRef = 0DFEFB9E2D952D9400F8CF76 /* FirebaseInstallations */; };
		0DFEFBA12D952D9400F8CF76 /* FirebaseMLModelDownloader in Frameworks */ = {isa = PBXBuildFile; productRef = 0DFEFBA02D952D9400F8CF76 /* FirebaseMLModelDownloader */; };
		0DFEFBA32D952D9400F8CF76 /* FirebaseMessaging in Frameworks */ = {isa = PBXBuildFile; productRef = 0DFEFBA22D952D9400F8CF76 /* FirebaseMessaging */; };
		0DFEFBA52D952D9400F8CF76 /* FirebasePerformance in Frameworks */ = {isa = PBXBuildFile; productRef = 0DFEFBA42D952D9400F8CF76 /* FirebasePerformance */; };
		0DFEFBA72D952D9400F8CF76 /* FirebaseRemoteConfig in Frameworks */ = {isa = PBXBuildFile; productRef = 0DFEFBA62D952D9400F8CF76 /* FirebaseRemoteConfig */; };
		0DFEFBA92D952D9400F8CF76 /* FirebaseStorage in Frameworks */ = {isa = PBXBuildFile; productRef = 0DFEFBA82D952D9400F8CF76 /* FirebaseStorage */; };
		0DFEFBAB2D952D9400F8CF76 /* FirebaseStorageCombine-Community in Frameworks */ = {isa = PBXBuildFile; productRef = 0DFEFBAA2D952D9400F8CF76 /* FirebaseStorageCombine-Community */; };
		0DFEFBAD2D952D9400F8CF76 /* FirebaseVertexAI in Frameworks */ = {isa = PBXBuildFile; productRef = 0DFEFBAC2D952D9400F8CF76 /* FirebaseVertexAI */; };
/* End PBXBuildFile section */

/* Begin PBXContainerItemProxy section */
		0D7D56B02D92C56A00DAA188 /* PBXContainerItemProxy */ = {
			isa = PBXContainerItemProxy;
			containerPortal = 0D7D568E2D92C56900DAA188 /* Project object */;
			proxyType = 1;
			remoteGlobalIDString = 0D7D56952D92C56900DAA188;
			remoteInfo = SocketAPI;
		};
		0D7D56BA2D92C56A00DAA188 /* PBXContainerItemProxy */ = {
			isa = PBXContainerItemProxy;
			containerPortal = 0D7D568E2D92C56900DAA188 /* Project object */;
			proxyType = 1;
			remoteGlobalIDString = 0D7D56952D92C56900DAA188;
			remoteInfo = SocketAPI;
		};
/* End PBXContainerItemProxy section */

/* Begin PBXFileReference section */
		0D7D56962D92C56900DAA188 /* SocketAPI.app */ = {isa = PBXFileReference; explicitFileType = wrapper.application; includeInIndex = 0; path = SocketAPI.app; sourceTree = BUILT_PRODUCTS_DIR; };
		0D7D56AF2D92C56A00DAA188 /* SocketAPITests.xctest */ = {isa = PBXFileReference; explicitFileType = wrapper.cfbundle; includeInIndex = 0; path = SocketAPITests.xctest; sourceTree = BUILT_PRODUCTS_DIR; };
		0D7D56B92D92C56A00DAA188 /* SocketAPIUITests.xctest */ = {isa = PBXFileReference; explicitFileType = wrapper.cfbundle; includeInIndex = 0; path = SocketAPIUITests.xctest; sourceTree = BUILT_PRODUCTS_DIR; };
/* End PBXFileReference section */

/* Begin PBXFileSystemSynchronizedBuildFileExceptionSet section */
		0D7D56C12D92C56A00DAA188 /* Exceptions for "SocketAPI" folder in "SocketAPI" target */ = {
			isa = PBXFileSystemSynchronizedBuildFileExceptionSet;
			membershipExceptions = (
				Resources/Info.plist,
			);
			target = 0D7D56952D92C56900DAA188 /* SocketAPI */;
		};
/* End PBXFileSystemSynchronizedBuildFileExceptionSet section */

/* Begin PBXFileSystemSynchronizedRootGroup section */
		0D7D56982D92C56900DAA188 /* SocketAPI */ = {
			isa = PBXFileSystemSynchronizedRootGroup;
			exceptions = (
				0D7D56C12D92C56A00DAA188 /* Exceptions for "SocketAPI" folder in "SocketAPI" target */,
			);
			path = SocketAPI;
			sourceTree = "<group>";
		};
		0D7D56B22D92C56A00DAA188 /* SocketAPITests */ = {
			isa = PBXFileSystemSynchronizedRootGroup;
			path = SocketAPITests;
			sourceTree = "<group>";
		};
		0D7D56BC2D92C56A00DAA188 /* SocketAPIUITests */ = {
			isa = PBXFileSystemSynchronizedRootGroup;
			path = SocketAPIUITests;
			sourceTree = "<group>";
		};
/* End PBXFileSystemSynchronizedRootGroup section */

/* Begin PBXFrameworksBuildPhase section */
		0D7D56932D92C56900DAA188 /* Frameworks */ = {
			isa = PBXFrameworksBuildPhase;
			buildActionMask = 2147483647;
			files = (
				0DFEFB7F2D952D9400F8CF76 /* FirebaseAnalytics in Frameworks */,
				0DFEFB952D952D9400F8CF76 /* FirebaseFirestore in Frameworks */,
				0DFEFB812D952D9400F8CF76 /* FirebaseAnalyticsOnDeviceConversion in Frameworks */,
				0DFEFB9F2D952D9400F8CF76 /* FirebaseInstallations in Frameworks */,
				0D7D56D52D92C93800DAA188 /* Starscream in Frameworks */,
				0DFEFB852D952D9400F8CF76 /* FirebaseAppCheck in Frameworks */,
				0DFEFB9D2D952D9400F8CF76 /* FirebaseInAppMessaging-Beta in Frameworks */,
				0DFEFB832D952D9400F8CF76 /* FirebaseAnalyticsWithoutAdIdSupport in Frameworks */,
				0DFEFB892D952D9400F8CF76 /* FirebaseAuth in Frameworks */,
				0DFEFB9B2D952D9400F8CF76 /* FirebaseFunctionsCombine-Community in Frameworks */,
				0DFEFBAB2D952D9400F8CF76 /* FirebaseStorageCombine-Community in Frameworks */,
				0DFEFB872D952D9400F8CF76 /* FirebaseAppDistribution-Beta in Frameworks */,
				0DFEFBAD2D952D9400F8CF76 /* FirebaseVertexAI in Frameworks */,
				0DFEFBA92D952D9400F8CF76 /* FirebaseStorage in Frameworks */,
				0DFEFBA72D952D9400F8CF76 /* FirebaseRemoteConfig in Frameworks */,
				0DFEFB8F2D952D9400F8CF76 /* FirebaseCrashlytics in Frameworks */,
				0DFEFBA32D952D9400F8CF76 /* FirebaseMessaging in Frameworks */,
				0DFEFBA12D952D9400F8CF76 /* FirebaseMLModelDownloader in Frameworks */,
				0DFEFBA52D952D9400F8CF76 /* FirebasePerformance in Frameworks */,
				0DFEFB912D952D9400F8CF76 /* FirebaseDatabase in Frameworks */,
				0DFEFB8D2D952D9400F8CF76 /* FirebaseCore in Frameworks */,
				0DFEFB8B2D952D9400F8CF76 /* FirebaseAuthCombine-Community in Frameworks */,
				0DFEFB992D952D9400F8CF76 /* FirebaseFunctions in Frameworks */,
				0DFEFB932D952D9400F8CF76 /* FirebaseDynamicLinks in Frameworks */,
				0DFEFB972D952D9400F8CF76 /* FirebaseFirestoreCombine-Community in Frameworks */,
			);
			runOnlyForDeploymentPostprocessing = 0;
		};
		0D7D56AC2D92C56A00DAA188 /* Frameworks */ = {
			isa = PBXFrameworksBuildPhase;
			buildActionMask = 2147483647;
			files = (
			);
			runOnlyForDeploymentPostprocessing = 0;
		};
		0D7D56B62D92C56A00DAA188 /* Frameworks */ = {
			isa = PBXFrameworksBuildPhase;
			buildActionMask = 2147483647;
			files = (
			);
			runOnlyForDeploymentPostprocessing = 0;
		};
/* End PBXFrameworksBuildPhase section */

/* Begin PBXGroup section */
		0D7D568D2D92C56900DAA188 = {
			isa = PBXGroup;
			children = (
				0D7D56982D92C56900DAA188 /* SocketAPI */,
				0D7D56B22D92C56A00DAA188 /* SocketAPITests */,
				0D7D56BC2D92C56A00DAA188 /* SocketAPIUITests */,
				0D7D56972D92C56900DAA188 /* Products */,
			);
			sourceTree = "<group>";
		};
		0D7D56972D92C56900DAA188 /* Products */ = {
			isa = PBXGroup;
			children = (
				0D7D56962D92C56900DAA188 /* SocketAPI.app */,
				0D7D56AF2D92C56A00DAA188 /* SocketAPITests.xctest */,
				0D7D56B92D92C56A00DAA188 /* SocketAPIUITests.xctest */,
			);
			name = Products;
			sourceTree = "<group>";
		};
/* End PBXGroup section */

/* Begin PBXNativeTarget section */
		0D7D56952D92C56900DAA188 /* SocketAPI */ = {
			isa = PBXNativeTarget;
			buildConfigurationList = 0D7D56C22D92C56A00DAA188 /* Build configuration list for PBXNativeTarget "SocketAPI" */;
			buildPhases = (
				0D7D56922D92C56900DAA188 /* Sources */,
				0D7D56932D92C56900DAA188 /* Frameworks */,
				0D7D56942D92C56900DAA188 /* Resources */,
			);
			buildRules = (
			);
			dependencies = (
			);
			fileSystemSynchronizedGroups = (
				0D7D56982D92C56900DAA188 /* SocketAPI */,
			);
			name = SocketAPI;
			packageProductDependencies = (
				0D7D56D42D92C93800DAA188 /* Starscream */,
				0DFEFB7E2D952D9400F8CF76 /* FirebaseAnalytics */,
				0DFEFB802D952D9400F8CF76 /* FirebaseAnalyticsOnDeviceConversion */,
				0DFEFB822D952D9400F8CF76 /* FirebaseAnalyticsWithoutAdIdSupport */,
				0DFEFB842D952D9400F8CF76 /* FirebaseAppCheck */,
				0DFEFB862D952D9400F8CF76 /* FirebaseAppDistribution-Beta */,
				0DFEFB882D952D9400F8CF76 /* FirebaseAuth */,
				0DFEFB8A2D952D9400F8CF76 /* FirebaseAuthCombine-Community */,
				0DFEFB8C2D952D9400F8CF76 /* FirebaseCore */,
				0DFEFB8E2D952D9400F8CF76 /* FirebaseCrashlytics */,
				0DFEFB902D952D9400F8CF76 /* FirebaseDatabase */,
				0DFEFB922D952D9400F8CF76 /* FirebaseDynamicLinks */,
				0DFEFB942D952D9400F8CF76 /* FirebaseFirestore */,
				0DFEFB962D952D9400F8CF76 /* FirebaseFirestoreCombine-Community */,
				0DFEFB982D952D9400F8CF76 /* FirebaseFunctions */,
				0DFEFB9A2D952D9400F8CF76 /* FirebaseFunctionsCombine-Community */,
				0DFEFB9C2D952D9400F8CF76 /* FirebaseInAppMessaging-Beta */,
				0DFEFB9E2D952D9400F8CF76 /* FirebaseInstallations */,
				0DFEFBA02D952D9400F8CF76 /* FirebaseMLModelDownloader */,
				0DFEFBA22D952D9400F8CF76 /* FirebaseMessaging */,
				0DFEFBA42D952D9400F8CF76 /* FirebasePerformance */,
				0DFEFBA62D952D9400F8CF76 /* FirebaseRemoteConfig */,
				0DFEFBA82D952D9400F8CF76 /* FirebaseStorage */,
				0DFEFBAA2D952D9400F8CF76 /* FirebaseStorageCombine-Community */,
				0DFEFBAC2D952D9400F8CF76 /* FirebaseVertexAI */,
			);
			productName = SocketAPI;
			productReference = 0D7D56962D92C56900DAA188 /* SocketAPI.app */;
			productType = "com.apple.product-type.application";
		};
		0D7D56AE2D92C56A00DAA188 /* SocketAPITests */ = {
			isa = PBXNativeTarget;
			buildConfigurationList = 0D7D56C72D92C56A00DAA188 /* Build configuration list for PBXNativeTarget "SocketAPITests" */;
			buildPhases = (
				0D7D56AB2D92C56A00DAA188 /* Sources */,
				0D7D56AC2D92C56A00DAA188 /* Frameworks */,
				0D7D56AD2D92C56A00DAA188 /* Resources */,
			);
			buildRules = (
			);
			dependencies = (
				0D7D56B12D92C56A00DAA188 /* PBXTargetDependency */,
			);
			fileSystemSynchronizedGroups = (
				0D7D56B22D92C56A00DAA188 /* SocketAPITests */,
			);
			name = SocketAPITests;
			packageProductDependencies = (
			);
			productName = SocketAPITests;
			productReference = 0D7D56AF2D92C56A00DAA188 /* SocketAPITests.xctest */;
			productType = "com.apple.product-type.bundle.unit-test";
		};
		0D7D56B82D92C56A00DAA188 /* SocketAPIUITests */ = {
			isa = PBXNativeTarget;
			buildConfigurationList = 0D7D56CA2D92C56A00DAA188 /* Build configuration list for PBXNativeTarget "SocketAPIUITests" */;
			buildPhases = (
				0D7D56B52D92C56A00DAA188 /* Sources */,
				0D7D56B62D92C56A00DAA188 /* Frameworks */,
				0D7D56B72D92C56A00DAA188 /* Resources */,
			);
			buildRules = (
			);
			dependencies = (
				0D7D56BB2D92C56A00DAA188 /* PBXTargetDependency */,
			);
			fileSystemSynchronizedGroups = (
				0D7D56BC2D92C56A00DAA188 /* SocketAPIUITests */,
			);
			name = SocketAPIUITests;
			packageProductDependencies = (
			);
			productName = SocketAPIUITests;
			productReference = 0D7D56B92D92C56A00DAA188 /* SocketAPIUITests.xctest */;
			productType = "com.apple.product-type.bundle.ui-testing";
		};
/* End PBXNativeTarget section */

/* Begin PBXProject section */
		0D7D568E2D92C56900DAA188 /* Project object */ = {
			isa = PBXProject;
			attributes = {
				BuildIndependentTargetsInParallel = 1;
				LastSwiftUpdateCheck = 1620;
				LastUpgradeCheck = 1620;
				TargetAttributes = {
					0D7D56952D92C56900DAA188 = {
						CreatedOnToolsVersion = 16.2;
					};
					0D7D56AE2D92C56A00DAA188 = {
						CreatedOnToolsVersion = 16.2;
						TestTargetID = 0D7D56952D92C56900DAA188;
					};
					0D7D56B82D92C56A00DAA188 = {
						CreatedOnToolsVersion = 16.2;
						TestTargetID = 0D7D56952D92C56900DAA188;
					};
				};
			};
			buildConfigurationList = 0D7D56912D92C56900DAA188 /* Build configuration list for PBXProject "SocketAPI" */;
			developmentRegion = en;
			hasScannedForEncodings = 0;
			knownRegions = (
				en,
				Base,
			);
			mainGroup = 0D7D568D2D92C56900DAA188;
			minimizedProjectReferenceProxies = 1;
			packageReferences = (
				0D7D56D32D92C93800DAA188 /* XCRemoteSwiftPackageReference "Starscream" */,
				0DFEFB7D2D952D9400F8CF76 /* XCRemoteSwiftPackageReference "firebase-ios-sdk" */,
			);
			preferredProjectObjectVersion = 77;
			productRefGroup = 0D7D56972D92C56900DAA188 /* Products */;
			projectDirPath = "";
			projectRoot = "";
			targets = (
				0D7D56952D92C56900DAA188 /* SocketAPI */,
				0D7D56AE2D92C56A00DAA188 /* SocketAPITests */,
				0D7D56B82D92C56A00DAA188 /* SocketAPIUITests */,
			);
		};
/* End PBXProject section */

/* Begin PBXResourcesBuildPhase section */
		0D7D56942D92C56900DAA188 /* Resources */ = {
			isa = PBXResourcesBuildPhase;
			buildActionMask = 2147483647;
			files = (
			);
			runOnlyForDeploymentPostprocessing = 0;
		};
		0D7D56AD2D92C56A00DAA188 /* Resources */ = {
			isa = PBXResourcesBuildPhase;
			buildActionMask = 2147483647;
			files = (
			);
			runOnlyForDeploymentPostprocessing = 0;
		};
		0D7D56B72D92C56A00DAA188 /* Resources */ = {
			isa = PBXResourcesBuildPhase;
			buildActionMask = 2147483647;
			files = (
			);
			runOnlyForDeploymentPostprocessing = 0;
		};
/* End PBXResourcesBuildPhase section */

/* Begin PBXSourcesBuildPhase section */
		0D7D56922D92C56900DAA188 /* Sources */ = {
			isa = PBXSourcesBuildPhase;
			buildActionMask = 2147483647;
			files = (
			);
			runOnlyForDeploymentPostprocessing = 0;
		};
		0D7D56AB2D92C56A00DAA188 /* Sources */ = {
			isa = PBXSourcesBuildPhase;
			buildActionMask = 2147483647;
			files = (
			);
			runOnlyForDeploymentPostprocessing = 0;
		};
		0D7D56B52D92C56A00DAA188 /* Sources */ = {
			isa = PBXSourcesBuildPhase;
			buildActionMask = 2147483647;
			files = (
			);
			runOnlyForDeploymentPostprocessing = 0;
		};
/* End PBXSourcesBuildPhase section */

/* Begin PBXTargetDependency section */
		0D7D56B12D92C56A00DAA188 /* PBXTargetDependency */ = {
			isa = PBXTargetDependency;
			target = 0D7D56952D92C56900DAA188 /* SocketAPI */;
			targetProxy = 0D7D56B02D92C56A00DAA188 /* PBXContainerItemProxy */;
		};
		0D7D56BB2D92C56A00DAA188 /* PBXTargetDependency */ = {
			isa = PBXTargetDependency;
			target = 0D7D56952D92C56900DAA188 /* SocketAPI */;
			targetProxy = 0D7D56BA2D92C56A00DAA188 /* PBXContainerItemProxy */;
		};
/* End PBXTargetDependency section */

/* Begin XCBuildConfiguration section */
		0D7D56C32D92C56A00DAA188 /* Debug */ = {
			isa = XCBuildConfiguration;
			buildSettings = {
				ASSETCATALOG_COMPILER_APPICON_NAME = AppIcon;
				ASSETCATALOG_COMPILER_GLOBAL_ACCENT_COLOR_NAME = AccentColor;
				CODE_SIGN_STYLE = Automatic;
				CURRENT_PROJECT_VERSION = 1;
				DEVELOPMENT_TEAM = X32QWL27MB;
				GENERATE_INFOPLIST_FILE = YES;
				INFOPLIST_FILE = SocketAPI/Resources/Info.plist;
				INFOPLIST_KEY_UIApplicationSupportsIndirectInputEvents = YES;
				INFOPLIST_KEY_UILaunchStoryboardName = LaunchScreen;
				INFOPLIST_KEY_UIMainStoryboardFile = "";
				INFOPLIST_KEY_UISupportedInterfaceOrientations_iPad = "UIInterfaceOrientationPortrait UIInterfaceOrientationPortraitUpsideDown UIInterfaceOrientationLandscapeLeft UIInterfaceOrientationLandscapeRight";
				INFOPLIST_KEY_UISupportedInterfaceOrientations_iPhone = "UIInterfaceOrientationPortrait UIInterfaceOrientationLandscapeLeft UIInterfaceOrientationLandscapeRight";
				LD_RUNPATH_SEARCH_PATHS = (
					"$(inherited)",
					"@executable_path/Frameworks",
				);
				MARKETING_VERSION = 1.0;
				PRODUCT_BUNDLE_IDENTIFIER = com.ahmethakanasaroglu.SocketAPI;
				PRODUCT_NAME = "$(TARGET_NAME)";
				SWIFT_EMIT_LOC_STRINGS = YES;
				SWIFT_VERSION = 5.0;
				TARGETED_DEVICE_FAMILY = "1,2";
			};
			name = Debug;
		};
		0D7D56C42D92C56A00DAA188 /* Release */ = {
			isa = XCBuildConfiguration;
			buildSettings = {
				ASSETCATALOG_COMPILER_APPICON_NAME = AppIcon;
				ASSETCATALOG_COMPILER_GLOBAL_ACCENT_COLOR_NAME = AccentColor;
				CODE_SIGN_STYLE = Automatic;
				CURRENT_PROJECT_VERSION = 1;
				DEVELOPMENT_TEAM = X32QWL27MB;
				GENERATE_INFOPLIST_FILE = YES;
				INFOPLIST_FILE = SocketAPI/Resources/Info.plist;
				INFOPLIST_KEY_UIApplicationSupportsIndirectInputEvents = YES;
				INFOPLIST_KEY_UILaunchStoryboardName = LaunchScreen;
				INFOPLIST_KEY_UIMainStoryboardFile = "";
				INFOPLIST_KEY_UISupportedInterfaceOrientations_iPad = "UIInterfaceOrientationPortrait UIInterfaceOrientationPortraitUpsideDown UIInterfaceOrientationLandscapeLeft UIInterfaceOrientationLandscapeRight";
				INFOPLIST_KEY_UISupportedInterfaceOrientations_iPhone = "UIInterfaceOrientationPortrait UIInterfaceOrientationLandscapeLeft UIInterfaceOrientationLandscapeRight";
				LD_RUNPATH_SEARCH_PATHS = (
					"$(inherited)",
					"@executable_path/Frameworks",
				);
				MARKETING_VERSION = 1.0;
				PRODUCT_BUNDLE_IDENTIFIER = com.ahmethakanasaroglu.SocketAPI;
				PRODUCT_NAME = "$(TARGET_NAME)";
				SWIFT_EMIT_LOC_STRINGS = YES;
				SWIFT_VERSION = 5.0;
				TARGETED_DEVICE_FAMILY = "1,2";
			};
			name = Release;
		};
		0D7D56C52D92C56A00DAA188 /* Debug */ = {
			isa = XCBuildConfiguration;
			buildSettings = {
				ALWAYS_SEARCH_USER_PATHS = NO;
				ASSETCATALOG_COMPILER_GENERATE_SWIFT_ASSET_SYMBOL_EXTENSIONS = YES;
				CLANG_ANALYZER_NONNULL = YES;
				CLANG_ANALYZER_NUMBER_OBJECT_CONVERSION = YES_AGGRESSIVE;
				CLANG_CXX_LANGUAGE_STANDARD = "gnu++20";
				CLANG_ENABLE_MODULES = YES;
				CLANG_ENABLE_OBJC_ARC = YES;
				CLANG_ENABLE_OBJC_WEAK = YES;
				CLANG_WARN_BLOCK_CAPTURE_AUTORELEASING = YES;
				CLANG_WARN_BOOL_CONVERSION = YES;
				CLANG_WARN_COMMA = YES;
				CLANG_WARN_CONSTANT_CONVERSION = YES;
				CLANG_WARN_DEPRECATED_OBJC_IMPLEMENTATIONS = YES;
				CLANG_WARN_DIRECT_OBJC_ISA_USAGE = YES_ERROR;
				CLANG_WARN_DOCUMENTATION_COMMENTS = YES;
				CLANG_WARN_EMPTY_BODY = YES;
				CLANG_WARN_ENUM_CONVERSION = YES;
				CLANG_WARN_INFINITE_RECURSION = YES;
				CLANG_WARN_INT_CONVERSION = YES;
				CLANG_WARN_NON_LITERAL_NULL_CONVERSION = YES;
				CLANG_WARN_OBJC_IMPLICIT_RETAIN_SELF = YES;
				CLANG_WARN_OBJC_LITERAL_CONVERSION = YES;
				CLANG_WARN_OBJC_ROOT_CLASS = YES_ERROR;
				CLANG_WARN_QUOTED_INCLUDE_IN_FRAMEWORK_HEADER = YES;
				CLANG_WARN_RANGE_LOOP_ANALYSIS = YES;
				CLANG_WARN_STRICT_PROTOTYPES = YES;
				CLANG_WARN_SUSPICIOUS_MOVE = YES;
				CLANG_WARN_UNGUARDED_AVAILABILITY = YES_AGGRESSIVE;
				CLANG_WARN_UNREACHABLE_CODE = YES;
				CLANG_WARN__DUPLICATE_METHOD_MATCH = YES;
				COPY_PHASE_STRIP = NO;
				DEBUG_INFORMATION_FORMAT = dwarf;
				ENABLE_STRICT_OBJC_MSGSEND = YES;
				ENABLE_TESTABILITY = YES;
				ENABLE_USER_SCRIPT_SANDBOXING = YES;
				GCC_C_LANGUAGE_STANDARD = gnu17;
				GCC_DYNAMIC_NO_PIC = NO;
				GCC_NO_COMMON_BLOCKS = YES;
				GCC_OPTIMIZATION_LEVEL = 0;
				GCC_PREPROCESSOR_DEFINITIONS = (
					"DEBUG=1",
					"$(inherited)",
				);
				GCC_WARN_64_TO_32_BIT_CONVERSION = YES;
				GCC_WARN_ABOUT_RETURN_TYPE = YES_ERROR;
				GCC_WARN_UNDECLARED_SELECTOR = YES;
				GCC_WARN_UNINITIALIZED_AUTOS = YES_AGGRESSIVE;
				GCC_WARN_UNUSED_FUNCTION = YES;
				GCC_WARN_UNUSED_VARIABLE = YES;
				IPHONEOS_DEPLOYMENT_TARGET = 18.2;
				LOCALIZATION_PREFERS_STRING_CATALOGS = YES;
				MTL_ENABLE_DEBUG_INFO = INCLUDE_SOURCE;
				MTL_FAST_MATH = YES;
				ONLY_ACTIVE_ARCH = YES;
				SDKROOT = iphoneos;
				SWIFT_ACTIVE_COMPILATION_CONDITIONS = "DEBUG $(inherited)";
				SWIFT_OPTIMIZATION_LEVEL = "-Onone";
			};
			name = Debug;
		};
		0D7D56C62D92C56A00DAA188 /* Release */ = {
			isa = XCBuildConfiguration;
			buildSettings = {
				ALWAYS_SEARCH_USER_PATHS = NO;
				ASSETCATALOG_COMPILER_GENERATE_SWIFT_ASSET_SYMBOL_EXTENSIONS = YES;
				CLANG_ANALYZER_NONNULL = YES;
				CLANG_ANALYZER_NUMBER_OBJECT_CONVERSION = YES_AGGRESSIVE;
				CLANG_CXX_LANGUAGE_STANDARD = "gnu++20";
				CLANG_ENABLE_MODULES = YES;
				CLANG_ENABLE_OBJC_ARC = YES;
				CLANG_ENABLE_OBJC_WEAK = YES;
				CLANG_WARN_BLOCK_CAPTURE_AUTORELEASING = YES;
				CLANG_WARN_BOOL_CONVERSION = YES;
				CLANG_WARN_COMMA = YES;
				CLANG_WARN_CONSTANT_CONVERSION = YES;
				CLANG_WARN_DEPRECATED_OBJC_IMPLEMENTATIONS = YES;
				CLANG_WARN_DIRECT_OBJC_ISA_USAGE = YES_ERROR;
				CLANG_WARN_DOCUMENTATION_COMMENTS = YES;
				CLANG_WARN_EMPTY_BODY = YES;
				CLANG_WARN_ENUM_CONVERSION = YES;
				CLANG_WARN_INFINITE_RECURSION = YES;
				CLANG_WARN_INT_CONVERSION = YES;
				CLANG_WARN_NON_LITERAL_NULL_CONVERSION = YES;
				CLANG_WARN_OBJC_IMPLICIT_RETAIN_SELF = YES;
				CLANG_WARN_OBJC_LITERAL_CONVERSION = YES;
				CLANG_WARN_OBJC_ROOT_CLASS = YES_ERROR;
				CLANG_WARN_QUOTED_INCLUDE_IN_FRAMEWORK_HEADER = YES;
				CLANG_WARN_RANGE_LOOP_ANALYSIS = YES;
				CLANG_WARN_STRICT_PROTOTYPES = YES;
				CLANG_WARN_SUSPICIOUS_MOVE = YES;
				CLANG_WARN_UNGUARDED_AVAILABILITY = YES_AGGRESSIVE;
				CLANG_WARN_UNREACHABLE_CODE = YES;
				CLANG_WARN__DUPLICATE_METHOD_MATCH = YES;
				COPY_PHASE_STRIP = NO;
				DEBUG_INFORMATION_FORMAT = "dwarf-with-dsym";
				ENABLE_NS_ASSERTIONS = NO;
				ENABLE_STRICT_OBJC_MSGSEND = YES;
				ENABLE_USER_SCRIPT_SANDBOXING = YES;
				GCC_C_LANGUAGE_STANDARD = gnu17;
				GCC_NO_COMMON_BLOCKS = YES;
				GCC_WARN_64_TO_32_BIT_CONVERSION = YES;
				GCC_WARN_ABOUT_RETURN_TYPE = YES_ERROR;
				GCC_WARN_UNDECLARED_SELECTOR = YES;
				GCC_WARN_UNINITIALIZED_AUTOS = YES_AGGRESSIVE;
				GCC_WARN_UNUSED_FUNCTION = YES;
				GCC_WARN_UNUSED_VARIABLE = YES;
				IPHONEOS_DEPLOYMENT_TARGET = 18.2;
				LOCALIZATION_PREFERS_STRING_CATALOGS = YES;
				MTL_ENABLE_DEBUG_INFO = NO;
				MTL_FAST_MATH = YES;
				SDKROOT = iphoneos;
				SWIFT_COMPILATION_MODE = wholemodule;
				VALIDATE_PRODUCT = YES;
			};
			name = Release;
		};
		0D7D56C82D92C56A00DAA188 /* Debug */ = {
			isa = XCBuildConfiguration;
			buildSettings = {
				BUNDLE_LOADER = "$(TEST_HOST)";
				CODE_SIGN_STYLE = Automatic;
				CURRENT_PROJECT_VERSION = 1;
				DEVELOPMENT_TEAM = X32QWL27MB;
				GENERATE_INFOPLIST_FILE = YES;
				IPHONEOS_DEPLOYMENT_TARGET = 18.2;
				MARKETING_VERSION = 1.0;
				PRODUCT_BUNDLE_IDENTIFIER = com.ahmethakanasaroglu.SocketAPITests;
				PRODUCT_NAME = "$(TARGET_NAME)";
				SWIFT_EMIT_LOC_STRINGS = NO;
				SWIFT_VERSION = 5.0;
				TARGETED_DEVICE_FAMILY = "1,2";
				TEST_HOST = "$(BUILT_PRODUCTS_DIR)/SocketAPI.app/$(BUNDLE_EXECUTABLE_FOLDER_PATH)/SocketAPI";
			};
			name = Debug;
		};
		0D7D56C92D92C56A00DAA188 /* Release */ = {
			isa = XCBuildConfiguration;
			buildSettings = {
				BUNDLE_LOADER = "$(TEST_HOST)";
				CODE_SIGN_STYLE = Automatic;
				CURRENT_PROJECT_VERSION = 1;
				DEVELOPMENT_TEAM = X32QWL27MB;
				GENERATE_INFOPLIST_FILE = YES;
				IPHONEOS_DEPLOYMENT_TARGET = 18.2;
				MARKETING_VERSION = 1.0;
				PRODUCT_BUNDLE_IDENTIFIER = com.ahmethakanasaroglu.SocketAPITests;
				PRODUCT_NAME = "$(TARGET_NAME)";
				SWIFT_EMIT_LOC_STRINGS = NO;
				SWIFT_VERSION = 5.0;
				TARGETED_DEVICE_FAMILY = "1,2";
				TEST_HOST = "$(BUILT_PRODUCTS_DIR)/SocketAPI.app/$(BUNDLE_EXECUTABLE_FOLDER_PATH)/SocketAPI";
			};
			name = Release;
		};
		0D7D56CB2D92C56A00DAA188 /* Debug */ = {
			isa = XCBuildConfiguration;
			buildSettings = {
				CODE_SIGN_STYLE = Automatic;
				CURRENT_PROJECT_VERSION = 1;
				DEVELOPMENT_TEAM = X32QWL27MB;
				GENERATE_INFOPLIST_FILE = YES;
				MARKETING_VERSION = 1.0;
				PRODUCT_BUNDLE_IDENTIFIER = com.ahmethakanasaroglu.SocketAPIUITests;
				PRODUCT_NAME = "$(TARGET_NAME)";
				SWIFT_EMIT_LOC_STRINGS = NO;
				SWIFT_VERSION = 5.0;
				TARGETED_DEVICE_FAMILY = "1,2";
				TEST_TARGET_NAME = SocketAPI;
			};
			name = Debug;
		};
		0D7D56CC2D92C56A00DAA188 /* Release */ = {
			isa = XCBuildConfiguration;
			buildSettings = {
				CODE_SIGN_STYLE = Automatic;
				CURRENT_PROJECT_VERSION = 1;
				DEVELOPMENT_TEAM = X32QWL27MB;
				GENERATE_INFOPLIST_FILE = YES;
				MARKETING_VERSION = 1.0;
				PRODUCT_BUNDLE_IDENTIFIER = com.ahmethakanasaroglu.SocketAPIUITests;
				PRODUCT_NAME = "$(TARGET_NAME)";
				SWIFT_EMIT_LOC_STRINGS = NO;
				SWIFT_VERSION = 5.0;
				TARGETED_DEVICE_FAMILY = "1,2";
				TEST_TARGET_NAME = SocketAPI;
			};
			name = Release;
		};
/* End XCBuildConfiguration section */

/* Begin XCConfigurationList section */
		0D7D56912D92C56900DAA188 /* Build configuration list for PBXProject "SocketAPI" */ = {
			isa = XCConfigurationList;
			buildConfigurations = (
				0D7D56C52D92C56A00DAA188 /* Debug */,
				0D7D56C62D92C56A00DAA188 /* Release */,
			);
			defaultConfigurationIsVisible = 0;
			defaultConfigurationName = Release;
		};
		0D7D56C22D92C56A00DAA188 /* Build configuration list for PBXNativeTarget "SocketAPI" */ = {
			isa = XCConfigurationList;
			buildConfigurations = (
				0D7D56C32D92C56A00DAA188 /* Debug */,
				0D7D56C42D92C56A00DAA188 /* Release */,
			);
			defaultConfigurationIsVisible = 0;
			defaultConfigurationName = Release;
		};
		0D7D56C72D92C56A00DAA188 /* Build configuration list for PBXNativeTarget "SocketAPITests" */ = {
			isa = XCConfigurationList;
			buildConfigurations = (
				0D7D56C82D92C56A00DAA188 /* Debug */,
				0D7D56C92D92C56A00DAA188 /* Release */,
			);
			defaultConfigurationIsVisible = 0;
			defaultConfigurationName = Release;
		};
		0D7D56CA2D92C56A00DAA188 /* Build configuration list for PBXNativeTarget "SocketAPIUITests" */ = {
			isa = XCConfigurationList;
			buildConfigurations = (
				0D7D56CB2D92C56A00DAA188 /* Debug */,
				0D7D56CC2D92C56A00DAA188 /* Release */,
			);
			defaultConfigurationIsVisible = 0;
			defaultConfigurationName = Release;
		};
/* End XCConfigurationList section */

/* Begin XCRemoteSwiftPackageReference section */
		0D7D56D32D92C93800DAA188 /* XCRemoteSwiftPackageReference "Starscream" */ = {
			isa = XCRemoteSwiftPackageReference;
			repositoryURL = "https://github.com/daltoniam/Starscream.git";
			requirement = {
				kind = upToNextMajorVersion;
				minimumVersion = 4.0.8;
			};
		};
		0DFEFB7D2D952D9400F8CF76 /* XCRemoteSwiftPackageReference "firebase-ios-sdk" */ = {
			isa = XCRemoteSwiftPackageReference;
			repositoryURL = "https://github.com/firebase/firebase-ios-sdk";
			requirement = {
				kind = upToNextMajorVersion;
				minimumVersion = 11.10.0;
			};
		};
/* End XCRemoteSwiftPackageReference section */

/* Begin XCSwiftPackageProductDependency section */
		0D7D56D42D92C93800DAA188 /* Starscream */ = {
			isa = XCSwiftPackageProductDependency;
			package = 0D7D56D32D92C93800DAA188 /* XCRemoteSwiftPackageReference "Starscream" */;
			productName = Starscream;
		};
		0DFEFB7E2D952D9400F8CF76 /* FirebaseAnalytics */ = {
			isa = XCSwiftPackageProductDependency;
			package = 0DFEFB7D2D952D9400F8CF76 /* XCRemoteSwiftPackageReference "firebase-ios-sdk" */;
			productName = FirebaseAnalytics;
		};
		0DFEFB802D952D9400F8CF76 /* FirebaseAnalyticsOnDeviceConversion */ = {
			isa = XCSwiftPackageProductDependency;
			package = 0DFEFB7D2D952D9400F8CF76 /* XCRemoteSwiftPackageReference "firebase-ios-sdk" */;
			productName = FirebaseAnalyticsOnDeviceConversion;
		};
		0DFEFB822D952D9400F8CF76 /* FirebaseAnalyticsWithoutAdIdSupport */ = {
			isa = XCSwiftPackageProductDependency;
			package = 0DFEFB7D2D952D9400F8CF76 /* XCRemoteSwiftPackageReference "firebase-ios-sdk" */;
			productName = FirebaseAnalyticsWithoutAdIdSupport;
		};
		0DFEFB842D952D9400F8CF76 /* FirebaseAppCheck */ = {
			isa = XCSwiftPackageProductDependency;
			package = 0DFEFB7D2D952D9400F8CF76 /* XCRemoteSwiftPackageReference "firebase-ios-sdk" */;
			productName = FirebaseAppCheck;
		};
		0DFEFB862D952D9400F8CF76 /* FirebaseAppDistribution-Beta */ = {
			isa = XCSwiftPackageProductDependency;
			package = 0DFEFB7D2D952D9400F8CF76 /* XCRemoteSwiftPackageReference "firebase-ios-sdk" */;
			productName = "FirebaseAppDistribution-Beta";
		};
		0DFEFB882D952D9400F8CF76 /* FirebaseAuth */ = {
			isa = XCSwiftPackageProductDependency;
			package = 0DFEFB7D2D952D9400F8CF76 /* XCRemoteSwiftPackageReference "firebase-ios-sdk" */;
			productName = FirebaseAuth;
		};
		0DFEFB8A2D952D9400F8CF76 /* FirebaseAuthCombine-Community */ = {
			isa = XCSwiftPackageProductDependency;
			package = 0DFEFB7D2D952D9400F8CF76 /* XCRemoteSwiftPackageReference "firebase-ios-sdk" */;
			productName = "FirebaseAuthCombine-Community";
		};
		0DFEFB8C2D952D9400F8CF76 /* FirebaseCore */ = {
			isa = XCSwiftPackageProductDependency;
			package = 0DFEFB7D2D952D9400F8CF76 /* XCRemoteSwiftPackageReference "firebase-ios-sdk" */;
			productName = FirebaseCore;
		};
		0DFEFB8E2D952D9400F8CF76 /* FirebaseCrashlytics */ = {
			isa = XCSwiftPackageProductDependency;
			package = 0DFEFB7D2D952D9400F8CF76 /* XCRemoteSwiftPackageReference "firebase-ios-sdk" */;
			productName = FirebaseCrashlytics;
		};
		0DFEFB902D952D9400F8CF76 /* FirebaseDatabase */ = {
			isa = XCSwiftPackageProductDependency;
			package = 0DFEFB7D2D952D9400F8CF76 /* XCRemoteSwiftPackageReference "firebase-ios-sdk" */;
			productName = FirebaseDatabase;
		};
		0DFEFB922D952D9400F8CF76 /* FirebaseDynamicLinks */ = {
			isa = XCSwiftPackageProductDependency;
			package = 0DFEFB7D2D952D9400F8CF76 /* XCRemoteSwiftPackageReference "firebase-ios-sdk" */;
			productName = FirebaseDynamicLinks;
		};
		0DFEFB942D952D9400F8CF76 /* FirebaseFirestore */ = {
			isa = XCSwiftPackageProductDependency;
			package = 0DFEFB7D2D952D9400F8CF76 /* XCRemoteSwiftPackageReference "firebase-ios-sdk" */;
			productName = FirebaseFirestore;
		};
		0DFEFB962D952D9400F8CF76 /* FirebaseFirestoreCombine-Community */ = {
			isa = XCSwiftPackageProductDependency;
			package = 0DFEFB7D2D952D9400F8CF76 /* XCRemoteSwiftPackageReference "firebase-ios-sdk" */;
			productName = "FirebaseFirestoreCombine-Community";
		};
		0DFEFB982D952D9400F8CF76 /* FirebaseFunctions */ = {
			isa = XCSwiftPackageProductDependency;
			package = 0DFEFB7D2D952D9400F8CF76 /* XCRemoteSwiftPackageReference "firebase-ios-sdk" */;
			productName = FirebaseFunctions;
		};
		0DFEFB9A2D952D9400F8CF76 /* FirebaseFunctionsCombine-Community */ = {
			isa = XCSwiftPackageProductDependency;
			package = 0DFEFB7D2D952D9400F8CF76 /* XCRemoteSwiftPackageReference "firebase-ios-sdk" */;
			productName = "FirebaseFunctionsCombine-Community";
		};
		0DFEFB9C2D952D9400F8CF76 /* FirebaseInAppMessaging-Beta */ = {
			isa = XCSwiftPackageProductDependency;
			package = 0DFEFB7D2D952D9400F8CF76 /* XCRemoteSwiftPackageReference "firebase-ios-sdk" */;
			productName = "FirebaseInAppMessaging-Beta";
		};
		0DFEFB9E2D952D9400F8CF76 /* FirebaseInstallations */ = {
			isa = XCSwiftPackageProductDependency;
			package = 0DFEFB7D2D952D9400F8CF76 /* XCRemoteSwiftPackageReference "firebase-ios-sdk" */;
			productName = FirebaseInstallations;
		};
		0DFEFBA02D952D9400F8CF76 /* FirebaseMLModelDownloader */ = {
			isa = XCSwiftPackageProductDependency;
			package = 0DFEFB7D2D952D9400F8CF76 /* XCRemoteSwiftPackageReference "firebase-ios-sdk" */;
			productName = FirebaseMLModelDownloader;
		};
		0DFEFBA22D952D9400F8CF76 /* FirebaseMessaging */ = {
			isa = XCSwiftPackageProductDependency;
			package = 0DFEFB7D2D952D9400F8CF76 /* XCRemoteSwiftPackageReference "firebase-ios-sdk" */;
			productName = FirebaseMessaging;
		};
		0DFEFBA42D952D9400F8CF76 /* FirebasePerformance */ = {
			isa = XCSwiftPackageProductDependency;
			package = 0DFEFB7D2D952D9400F8CF76 /* XCRemoteSwiftPackageReference "firebase-ios-sdk" */;
			productName = FirebasePerformance;
		};
		0DFEFBA62D952D9400F8CF76 /* FirebaseRemoteConfig */ = {
			isa = XCSwiftPackageProductDependency;
			package = 0DFEFB7D2D952D9400F8CF76 /* XCRemoteSwiftPackageReference "firebase-ios-sdk" */;
			productName = FirebaseRemoteConfig;
		};
		0DFEFBA82D952D9400F8CF76 /* FirebaseStorage */ = {
			isa = XCSwiftPackageProductDependency;
			package = 0DFEFB7D2D952D9400F8CF76 /* XCRemoteSwiftPackageReference "firebase-ios-sdk" */;
			productName = FirebaseStorage;
		};
		0DFEFBAA2D952D9400F8CF76 /* FirebaseStorageCombine-Community */ = {
			isa = XCSwiftPackageProductDependency;
			package = 0DFEFB7D2D952D9400F8CF76 /* XCRemoteSwiftPackageReference "firebase-ios-sdk" */;
			productName = "FirebaseStorageCombine-Community";
		};
		0DFEFBAC2D952D9400F8CF76 /* FirebaseVertexAI */ = {
			isa = XCSwiftPackageProductDependency;
			package = 0DFEFB7D2D952D9400F8CF76 /* XCRemoteSwiftPackageReference "firebase-ios-sdk" */;
			productName = FirebaseVertexAI;
		};
/* End XCSwiftPackageProductDependency section */
	};
	rootObject = 0D7D568E2D92C56900DAA188 /* Project object */;
}
